# THIS IS AN AUTOGENERATED FILE. DO NOT EDIT THIS FILE DIRECTLY.
# yarn lockfile v1


shower-core@^2.1.0:
  version "2.1.0"
  resolved "https://registry.yarnpkg.com/shower-core/-/shower-core-2.1.0.tgz#7327ae3a847a0b0b9612f4ad4c648ff3639ce416"

shower-material@^1.0.11:
  version "1.0.11"
  resolved "https://registry.yarnpkg.com/shower-material/-/shower-material-1.0.11.tgz#5298a9b62969ae7867a8b83fed6c6affec096421"

shower-ribbon@^2.0.10:
  version "2.0.10"
  resolved "https://registry.yarnpkg.com/shower-ribbon/-/shower-ribbon-2.0.10.tgz#427e39b8ec16e275255f87ed23984747e789d1d7"

shower@^2.1.9:
  version "2.1.9"
  resolved "https://registry.yarnpkg.com/shower/-/shower-2.1.9.tgz#3cbed605dac8d8294deb7b8e7d0c31931dc4dbd9"
  dependencies:
    shower-core "^2.1.0"
    shower-material "^1.0.11"
    shower-ribbon "^2.0.10"
